
Microsoft Visual Studio Solution File, Format Version 12.00
# Blend for Visual Studio 15
VisualStudioVersion = 15.0.27004.2002
MinimumVisualStudioVersion = 10.0.40219.1
Project("{2150E333-8FDC-42A3-9474-1A3956D46DE8}") = "Utils", "Utils", "{9956EBCB-3413-4A62-8B40-2D47E3D342FA}"
EndProject
Project("{2150E333-8FDC-42A3-9474-1A3956D46DE8}") = "Solution Items", "Solution Items", "{5B9D090A-970B-40B1-9D56-65BBBF8F01C3}"
	ProjectSection(SolutionItems) = preProject
		.gitattributes = .gitattributes
		.gitignore = .gitignore
		README.md = README.md
	EndProjectSection
EndProject
Project("{FAE04EC0-301F-11D3-BF4B-00C04F79EFBC}") = "LogService", "Utils\LogService\LogService.csproj", "{62176A09-A9F2-4589-9F3F-0A30AC263740}"
EndProject
Project("{FAE04EC0-301F-11D3-BF4B-00C04F79EFBC}") = "Sensing.SDK", "Sensing.SDK\Sensing.SDK.csproj", "{A6895C83-AC7B-45B3-B598-637B1F3D1423}"
EndProject
Project("{FAE04EC0-301F-11D3-BF4B-00C04F79EFBC}") = "Sensing.SDK.Test", "Sensing.SDK.Test\Sensing.SDK.Test.csproj", "{6458A176-7E12-48CC-BBC6-BF384DAF3282}"
EndProject
Project("{FAE04EC0-301F-11D3-BF4B-00C04F79EFBC}") = "Sensing.Mqtt", "Sensing.Mqtt\Sensing.Mqtt.csproj", "{5D128D07-6441-431E-A07A-65A18B74EB56}"
EndProject
Project("{FAE04EC0-301F-11D3-BF4B-00C04F79EFBC}") = "Mqtt.Test", "Mqtt.Test\Mqtt.Test.csproj", "{A2637889-C1B2-432E-92B9-C163D1964537}"
EndProject
Project("{FAE04EC0-301F-11D3-BF4B-00C04F79EFBC}") = "AppPod.DataAccess", "AppPod.DataAccess\AppPod.DataAccess.csproj", "{BF49E28B-4BA4-415D-95F1-61119F63E287}"
EndProject
Global
	GlobalSection(SolutionConfigurationPlatforms) = preSolution
		Debug|Any CPU = Debug|Any CPU
		Debug|ARM = Debug|ARM
		Debug|x64 = Debug|x64
		Debug|x86 = Debug|x86
		Release|Any CPU = Release|Any CPU
		Release|ARM = Release|ARM
		Release|x64 = Release|x64
		Release|x86 = Release|x86
	EndGlobalSection
	GlobalSection(ProjectConfigurationPlatforms) = postSolution
		{62176A09-A9F2-4589-9F3F-0A30AC263740}.Debug|Any CPU.ActiveCfg = Debug|Any CPU
		{62176A09-A9F2-4589-9F3F-0A30AC263740}.Debug|Any CPU.Build.0 = Debug|Any CPU
		{62176A09-A9F2-4589-9F3F-0A30AC263740}.Debug|ARM.ActiveCfg = Debug|Any CPU
		{62176A09-A9F2-4589-9F3F-0A30AC263740}.Debug|ARM.Build.0 = Debug|Any CPU
		{62176A09-A9F2-4589-9F3F-0A30AC263740}.Debug|x64.ActiveCfg = Debug|Any CPU
		{62176A09-A9F2-4589-9F3F-0A30AC263740}.Debug|x64.Build.0 = Debug|Any CPU
		{62176A09-A9F2-4589-9F3F-0A30AC263740}.Debug|x86.ActiveCfg = Debug|Any CPU
		{62176A09-A9F2-4589-9F3F-0A30AC263740}.Debug|x86.Build.0 = Debug|Any CPU
		{62176A09-A9F2-4589-9F3F-0A30AC263740}.Release|Any CPU.ActiveCfg = Release|Any CPU
		{62176A09-A9F2-4589-9F3F-0A30AC263740}.Release|Any CPU.Build.0 = Release|Any CPU
		{62176A09-A9F2-4589-9F3F-0A30AC263740}.Release|ARM.ActiveCfg = Release|Any CPU
		{62176A09-A9F2-4589-9F3F-0A30AC263740}.Release|ARM.Build.0 = Release|Any CPU
		{62176A09-A9F2-4589-9F3F-0A30AC263740}.Release|x64.ActiveCfg = Release|Any CPU
		{62176A09-A9F2-4589-9F3F-0A30AC263740}.Release|x64.Build.0 = Release|Any CPU
		{62176A09-A9F2-4589-9F3F-0A30AC263740}.Release|x86.ActiveCfg = Release|Any CPU
		{62176A09-A9F2-4589-9F3F-0A30AC263740}.Release|x86.Build.0 = Release|Any CPU
		{A6895C83-AC7B-45B3-B598-637B1F3D1423}.Debug|Any CPU.ActiveCfg = Debug|Any CPU
		{A6895C83-AC7B-45B3-B598-637B1F3D1423}.Debug|Any CPU.Build.0 = Debug|Any CPU
		{A6895C83-AC7B-45B3-B598-637B1F3D1423}.Debug|ARM.ActiveCfg = Debug|Any CPU
		{A6895C83-AC7B-45B3-B598-637B1F3D1423}.Debug|ARM.Build.0 = Debug|Any CPU
		{A6895C83-AC7B-45B3-B598-637B1F3D1423}.Debug|x64.ActiveCfg = Debug|Any CPU
		{A6895C83-AC7B-45B3-B598-637B1F3D1423}.Debug|x64.Build.0 = Debug|Any CPU
		{A6895C83-AC7B-45B3-B598-637B1F3D1423}.Debug|x86.ActiveCfg = Debug|Any CPU
		{A6895C83-AC7B-45B3-B598-637B1F3D1423}.Debug|x86.Build.0 = Debug|Any CPU
		{A6895C83-AC7B-45B3-B598-637B1F3D1423}.Release|Any CPU.ActiveCfg = Release|Any CPU
		{A6895C83-AC7B-45B3-B598-637B1F3D1423}.Release|Any CPU.Build.0 = Release|Any CPU
		{A6895C83-AC7B-45B3-B598-637B1F3D1423}.Release|ARM.ActiveCfg = Release|Any CPU
		{A6895C83-AC7B-45B3-B598-637B1F3D1423}.Release|ARM.Build.0 = Release|Any CPU
		{A6895C83-AC7B-45B3-B598-637B1F3D1423}.Release|x64.ActiveCfg = Release|Any CPU
		{A6895C83-AC7B-45B3-B598-637B1F3D1423}.Release|x64.Build.0 = Release|Any CPU
		{A6895C83-AC7B-45B3-B598-637B1F3D1423}.Release|x86.ActiveCfg = Release|Any CPU
		{A6895C83-AC7B-45B3-B598-637B1F3D1423}.Release|x86.Build.0 = Release|Any CPU
		{6458A176-7E12-48CC-BBC6-BF384DAF3282}.Debug|Any CPU.ActiveCfg = Debug|Any CPU
		{6458A176-7E12-48CC-BBC6-BF384DAF3282}.Debug|Any CPU.Build.0 = Debug|Any CPU
		{6458A176-7E12-48CC-BBC6-BF384DAF3282}.Debug|ARM.ActiveCfg = Debug|Any CPU
		{6458A176-7E12-48CC-BBC6-BF384DAF3282}.Debug|ARM.Build.0 = Debug|Any CPU
		{6458A176-7E12-48CC-BBC6-BF384DAF3282}.Debug|x64.ActiveCfg = Debug|Any CPU
		{6458A176-7E12-48CC-BBC6-BF384DAF3282}.Debug|x64.Build.0 = Debug|Any CPU
		{6458A176-7E12-48CC-BBC6-BF384DAF3282}.Debug|x86.ActiveCfg = Debug|Any CPU
		{6458A176-7E12-48CC-BBC6-BF384DAF3282}.Debug|x86.Build.0 = Debug|Any CPU
		{6458A176-7E12-48CC-BBC6-BF384DAF3282}.Release|Any CPU.ActiveCfg = Release|Any CPU
		{6458A176-7E12-48CC-BBC6-BF384DAF3282}.Release|Any CPU.Build.0 = Release|Any CPU
		{6458A176-7E12-48CC-BBC6-BF384DAF3282}.Release|ARM.ActiveCfg = Release|Any CPU
		{6458A176-7E12-48CC-BBC6-BF384DAF3282}.Release|ARM.Build.0 = Release|Any CPU
		{6458A176-7E12-48CC-BBC6-BF384DAF3282}.Release|x64.ActiveCfg = Release|Any CPU
		{6458A176-7E12-48CC-BBC6-BF384DAF3282}.Release|x64.Build.0 = Release|Any CPU
		{6458A176-7E12-48CC-BBC6-BF384DAF3282}.Release|x86.ActiveCfg = Release|Any CPU
		{6458A176-7E12-48CC-BBC6-BF384DAF3282}.Release|x86.Build.0 = Release|Any CPU
		{5D128D07-6441-431E-A07A-65A18B74EB56}.Debug|Any CPU.ActiveCfg = Debug|Any CPU
		{5D128D07-6441-431E-A07A-65A18B74EB56}.Debug|Any CPU.Build.0 = Debug|Any CPU
		{5D128D07-6441-431E-A07A-65A18B74EB56}.Debug|ARM.ActiveCfg = Debug|Any CPU
		{5D128D07-6441-431E-A07A-65A18B74EB56}.Debug|ARM.Build.0 = Debug|Any CPU
		{5D128D07-6441-431E-A07A-65A18B74EB56}.Debug|x64.ActiveCfg = Debug|Any CPU
		{5D128D07-6441-431E-A07A-65A18B74EB56}.Debug|x64.Build.0 = Debug|Any CPU
		{5D128D07-6441-431E-A07A-65A18B74EB56}.Debug|x86.ActiveCfg = Debug|Any CPU
		{5D128D07-6441-431E-A07A-65A18B74EB56}.Debug|x86.Build.0 = Debug|Any CPU
		{5D128D07-6441-431E-A07A-65A18B74EB56}.Release|Any CPU.ActiveCfg = Release|Any CPU
		{5D128D07-6441-431E-A07A-65A18B74EB56}.Release|Any CPU.Build.0 = Release|Any CPU
		{5D128D07-6441-431E-A07A-65A18B74EB56}.Release|ARM.ActiveCfg = Release|Any CPU
		{5D128D07-6441-431E-A07A-65A18B74EB56}.Release|ARM.Build.0 = Release|Any CPU
		{5D128D07-6441-431E-A07A-65A18B74EB56}.Release|x64.ActiveCfg = Release|Any CPU
		{5D128D07-6441-431E-A07A-65A18B74EB56}.Release|x64.Build.0 = Release|Any CPU
		{5D128D07-6441-431E-A07A-65A18B74EB56}.Release|x86.ActiveCfg = Release|Any CPU
		{5D128D07-6441-431E-A07A-65A18B74EB56}.Release|x86.Build.0 = Release|Any CPU
		{A2637889-C1B2-432E-92B9-C163D1964537}.Debug|Any CPU.ActiveCfg = Debug|Any CPU
		{A2637889-C1B2-432E-92B9-C163D1964537}.Debug|Any CPU.Build.0 = Debug|Any CPU
		{A2637889-C1B2-432E-92B9-C163D1964537}.Debug|ARM.ActiveCfg = Debug|Any CPU
		{A2637889-C1B2-432E-92B9-C163D1964537}.Debug|ARM.Build.0 = Debug|Any CPU
		{A2637889-C1B2-432E-92B9-C163D1964537}.Debug|x64.ActiveCfg = Debug|Any CPU
		{A2637889-C1B2-432E-92B9-C163D1964537}.Debug|x64.Build.0 = Debug|Any CPU
		{A2637889-C1B2-432E-92B9-C163D1964537}.Debug|x86.ActiveCfg = Debug|Any CPU
		{A2637889-C1B2-432E-92B9-C163D1964537}.Debug|x86.Build.0 = Debug|Any CPU
		{A2637889-C1B2-432E-92B9-C163D1964537}.Release|Any CPU.ActiveCfg = Release|Any CPU
		{A2637889-C1B2-432E-92B9-C163D1964537}.Release|Any CPU.Build.0 = Release|Any CPU
		{A2637889-C1B2-432E-92B9-C163D1964537}.Release|ARM.ActiveCfg = Release|Any CPU
		{A2637889-C1B2-432E-92B9-C163D1964537}.Release|ARM.Build.0 = Release|Any CPU
		{A2637889-C1B2-432E-92B9-C163D1964537}.Release|x64.ActiveCfg = Release|Any CPU
		{A2637889-C1B2-432E-92B9-C163D1964537}.Release|x64.Build.0 = Release|Any CPU
		{A2637889-C1B2-432E-92B9-C163D1964537}.Release|x86.ActiveCfg = Release|Any CPU
		{A2637889-C1B2-432E-92B9-C163D1964537}.Release|x86.Build.0 = Release|Any CPU
		{BF49E28B-4BA4-415D-95F1-61119F63E287}.Debug|Any CPU.ActiveCfg = Debug|Any CPU
		{BF49E28B-4BA4-415D-95F1-61119F63E287}.Debug|Any CPU.Build.0 = Debug|Any CPU
		{BF49E28B-4BA4-415D-95F1-61119F63E287}.Debug|ARM.ActiveCfg = Debug|Any CPU
		{BF49E28B-4BA4-415D-95F1-61119F63E287}.Debug|ARM.Build.0 = Debug|Any CPU
		{BF49E28B-4BA4-415D-95F1-61119F63E287}.Debug|x64.ActiveCfg = Debug|Any CPU
		{BF49E28B-4BA4-415D-95F1-61119F63E287}.Debug|x64.Build.0 = Debug|Any CPU
		{BF49E28B-4BA4-415D-95F1-61119F63E287}.Debug|x86.ActiveCfg = Debug|Any CPU
		{BF49E28B-4BA4-415D-95F1-61119F63E287}.Debug|x86.Build.0 = Debug|Any CPU
		{BF49E28B-4BA4-415D-95F1-61119F63E287}.Release|Any CPU.ActiveCfg = Release|Any CPU
		{BF49E28B-4BA4-415D-95F1-61119F63E287}.Release|Any CPU.Build.0 = Release|Any CPU
		{BF49E28B-4BA4-415D-95F1-61119F63E287}.Release|ARM.ActiveCfg = Release|Any CPU
		{BF49E28B-4BA4-415D-95F1-61119F63E287}.Release|ARM.Build.0 = Release|Any CPU
		{BF49E28B-4BA4-415D-95F1-61119F63E287}.Release|x64.ActiveCfg = Release|Any CPU
		{BF49E28B-4BA4-415D-95F1-61119F63E287}.Release|x64.Build.0 = Release|Any CPU
		{BF49E28B-4BA4-415D-95F1-61119F63E287}.Release|x86.ActiveCfg = Release|Any CPU
		{BF49E28B-4BA4-415D-95F1-61119F63E287}.Release|x86.Build.0 = Release|Any CPU
	EndGlobalSection
	GlobalSection(SolutionProperties) = preSolution
		HideSolutionNode = FALSE
	EndGlobalSection
	GlobalSection(NestedProjects) = preSolution
		{62176A09-A9F2-4589-9F3F-0A30AC263740} = {9956EBCB-3413-4A62-8B40-2D47E3D342FA}
	EndGlobalSection
	GlobalSection(ExtensibilityGlobals) = postSolution
		SolutionGuid = {6B7D1969-1F4C-4107-A101-9F83666C05E0}
	EndGlobalSection
EndGlobal
