
Microsoft Visual Studio Solution File, Format Version 12.00
# Visual Studio 2012
Project("{FAE04EC0-301F-11D3-BF4B-00C04F79EFBC}") = "HighPerformanceWPFChartUsingLightDataPoint", "HighPerformanceWPFChartUsingLightDataPoint\HighPerformanceWPFChartUsingLightDataPoint.csproj", "{09AA87C1-ADC7-4CA4-805C-4DF0D10AD745}"
EndProject
Global
	GlobalSection(SolutionConfigurationPlatforms) = preSolution
		Debug|Any CPU = Debug|Any CPU
		Release|Any CPU = Release|Any CPU
	EndGlobalSection
	GlobalSection(ProjectConfigurationPlatforms) = postSolution
		{09AA87C1-ADC7-4CA4-805C-4DF0D10AD745}.Debug|Any CPU.ActiveCfg = Debug|Any CPU
		{09AA87C1-ADC7-4CA4-805C-4DF0D10AD745}.Debug|Any CPU.Build.0 = Debug|Any CPU
		{09AA87C1-ADC7-4CA4-805C-4DF0D10AD745}.Release|Any CPU.ActiveCfg = Release|Any CPU
		{09AA87C1-ADC7-4CA4-805C-4DF0D10AD745}.Release|Any CPU.Build.0 = Release|Any CPU
	EndGlobalSection
	GlobalSection(SolutionProperties) = preSolution
		HideSolutionNode = FALSE
	EndGlobalSection
EndGlobal
