
Microsoft Visual Studio Solution File, Format Version 11.00
# Visual Studio 2010
Project("{F184B08F-C81C-45F6-A57F-5ABD9991F28F}") = "FirstChart", "FirstChart\FirstChart.vbproj", "{7C43AAEF-7615-4082-A41E-E0BD07979993}"
EndProject
Global
	GlobalSection(SolutionConfigurationPlatforms) = preSolution
		Debug|x86 = Debug|x86
		Release|x86 = Release|x86
	EndGlobalSection
	GlobalSection(ProjectConfigurationPlatforms) = postSolution
		{7C43AAEF-7615-4082-A41E-E0BD07979993}.Debug|x86.ActiveCfg = Debug|x86
		{7C43AAEF-7615-4082-A41E-E0BD07979993}.Debug|x86.Build.0 = Debug|x86
		{7C43AAEF-7615-4082-A41E-E0BD07979993}.Release|x86.ActiveCfg = Release|x86
		{7C43AAEF-7615-4082-A41E-E0BD07979993}.Release|x86.Build.0 = Release|x86
	EndGlobalSection
	GlobalSection(SolutionProperties) = preSolution
		HideSolutionNode = FALSE
	EndGlobalSection
EndGlobal
